{
  "projects": [
    {
      "projectId": "8PtdGodUbexNYgkuyBUcWu",
      "version": "3.33.0",
      "dependencies": {},
      "lang": "js",
      "fileLocks": [
        {
          "assetId": "8PtdGodUbexNYgkuyBUcWu",
          "type": "projectCss",
          "checksum": "1ba4aeba50d03a6e744a73a4e6995be9"
        },
        {
          "assetId": "8PtdGodUbexNYgkuyBUcWu",
          "checksum": "7374716521343de54f4a1551004b56d6",
          "type": "globalContexts"
        },
        {
          "assetId": "8PtdGodUbexNYgkuyBUcWu",
          "checksum": "4a730a817c90d1d4e5cc48ca7ca0f665",
          "type": "projectModule"
        },
        {
          "assetId": "8PtdGodUbexNYgkuyBUcWu",
          "checksum": "1067b7f90483f13e0d6bcbdffd99aa8c",
          "type": "styleTokensProvider"
        }
      ],
      "codegenVersion": "0.0.3"
    },
    {
      "projectId": "1LHryFzrfagz6s5XszxyaX",
      "version": "latest",
      "dependencies": {
        "8PtdGodUbexNYgkuyBUcWu": "3.33.0",
        "gmeH6XgPaBtkt51HunAo4g": "18.30.0"
      },
      "lang": "js",
      "fileLocks": [
        {
          "assetId": "1LHryFzrfagz6s5XszxyaX",
          "checksum": "16e4b84da0bfccaebd31d9c34ae946a5",
          "type": "globalContexts"
        },
        {
          "assetId": "1LHryFzrfagz6s5XszxyaX",
          "checksum": "a39b3c418e2adf7cfdfad33516fa7dd6",
          "type": "projectModule"
        },
        {
          "assetId": "1LHryFzrfagz6s5XszxyaX",
          "checksum": "4709940533fbb56473d4f1d11fd47245",
          "type": "styleTokensProvider"
        },
        {
          "type": "renderModule",
          "assetId": "9i_F_lMez6u7",
          "checksum": "8fc5515d7c3a9140f09c91eb5260fa74"
        },
        {
          "type": "cssRules",
          "assetId": "9i_F_lMez6u7",
          "checksum": "8fc5515d7c3a9140f09c91eb5260fa74"
        },
        {
          "type": "renderModule",
          "assetId": "_gAGXkAXxPJ1",
          "checksum": "09f243529dc58c40b5c7d959e3bbeb67"
        },
        {
          "type": "cssRules",
          "assetId": "_gAGXkAXxPJ1",
          "checksum": "09f243529dc58c40b5c7d959e3bbeb67"
        },
        {
          "type": "renderModule",
          "assetId": "5h9FlaGpp_HW",
          "checksum": "2a0769514b068c5e955dbc2d87525304"
        },
        {
          "type": "cssRules",
          "assetId": "5h9FlaGpp_HW",
          "checksum": "2a0769514b068c5e955dbc2d87525304"
        },
        {
          "type": "renderModule",
          "assetId": "QXwWWXLv7dKm",
          "checksum": "ea57f67ddd182fbc4e5e67c6e4096a15"
        },
        {
          "type": "cssRules",
          "assetId": "QXwWWXLv7dKm",
          "checksum": "ea57f67ddd182fbc4e5e67c6e4096a15"
        },
        {
          "type": "renderModule",
          "assetId": "6YxcbeY1AF1_",
          "checksum": "741058fe018e1093f369fe82e3631f22"
        },
        {
          "type": "cssRules",
          "assetId": "6YxcbeY1AF1_",
          "checksum": "741058fe018e1093f369fe82e3631f22"
        },
        {
          "type": "renderModule",
          "assetId": "9cwbKxCRtECB",
          "checksum": "d01f4910f87e342581d11cb2b38c892d"
        },
        {
          "type": "cssRules",
          "assetId": "9cwbKxCRtECB",
          "checksum": "d01f4910f87e342581d11cb2b38c892d"
        },
        {
          "type": "renderModule",
          "assetId": "OXSVHEvZKoQP",
          "checksum": "d6299400fbd286b024ae1c8091bf35af"
        },
        {
          "type": "cssRules",
          "assetId": "OXSVHEvZKoQP",
          "checksum": "d6299400fbd286b024ae1c8091bf35af"
        },
        {
          "type": "renderModule",
          "assetId": "U8ruvn_mupQO",
          "checksum": "794fe9e72aec6379ed1d3370719592ce"
        },
        {
          "type": "cssRules",
          "assetId": "U8ruvn_mupQO",
          "checksum": "794fe9e72aec6379ed1d3370719592ce"
        },
        {
          "type": "renderModule",
          "assetId": "qoaNCaz5f2G1",
          "checksum": "92697f1d83188a386ba15aea8ae74ed5"
        },
        {
          "type": "cssRules",
          "assetId": "qoaNCaz5f2G1",
          "checksum": "92697f1d83188a386ba15aea8ae74ed5"
        },
        {
          "type": "renderModule",
          "assetId": "tGnuTHE96HBi",
          "checksum": "30f1ed79a1977d94a16114101835c4e2"
        },
        {
          "type": "cssRules",
          "assetId": "tGnuTHE96HBi",
          "checksum": "30f1ed79a1977d94a16114101835c4e2"
        },
        {
          "type": "renderModule",
          "assetId": "fD_Lygxuv5kw",
          "checksum": "e3dc40382ddffc45dbe5a4abd4858c8e"
        },
        {
          "type": "cssRules",
          "assetId": "fD_Lygxuv5kw",
          "checksum": "e3dc40382ddffc45dbe5a4abd4858c8e"
        },
        {
          "type": "renderModule",
          "assetId": "uVYTGz9cJOUu",
          "checksum": "d06b7893f228fda107e45e025381e3d0"
        },
        {
          "type": "cssRules",
          "assetId": "uVYTGz9cJOUu",
          "checksum": "d06b7893f228fda107e45e025381e3d0"
        },
        {
          "type": "renderModule",
          "assetId": "IXlYPJ9laVnz",
          "checksum": "15e1865e195708b3d8e204f8499f3b9a"
        },
        {
          "type": "cssRules",
          "assetId": "IXlYPJ9laVnz",
          "checksum": "15e1865e195708b3d8e204f8499f3b9a"
        },
        {
          "type": "renderModule",
          "assetId": "Bygnfqie3Cqa",
          "checksum": "a1aff451a8dc9d77a44da9e6d14e5970"
        },
        {
          "type": "cssRules",
          "assetId": "Bygnfqie3Cqa",
          "checksum": "a1aff451a8dc9d77a44da9e6d14e5970"
        },
        {
          "type": "icon",
          "assetId": "B8aXAFRTKbUL",
          "checksum": "132ccc543d6bd957e81d0a29fbc47243"
        },
        {
          "type": "icon",
          "assetId": "KRBb5YKxEcus",
          "checksum": "6754f20b40b8ebd3380355eb7e3f68a0"
        },
        {
          "type": "icon",
          "assetId": "rZ8hz7v-qc_C",
          "checksum": "5ccf6564adc54b12e2142a5fe9bac056"
        },
        {
          "type": "icon",
          "assetId": "YH9P_qiC8MJ-",
          "checksum": "b85153ec31c6e6556bcd0eea62684f82"
        },
        {
          "type": "icon",
          "assetId": "tf1m50dLlqUe",
          "checksum": "633239eef6f78f76e9eff3aa69c1a8d9"
        },
        {
          "type": "icon",
          "assetId": "OE1F_elgA17S",
          "checksum": "f3a0476129376cdf31cb8556934af01c"
        },
        {
          "type": "icon",
          "assetId": "LGewn1q6HySZ",
          "checksum": "91039635641c70db35c67a6d1e7605c5"
        },
        {
          "type": "icon",
          "assetId": "LxA7vPyY9CLd",
          "checksum": "deb3dc3756fc8a4ecf75dce3e7630fef"
        },
        {
          "type": "icon",
          "assetId": "uZVnQmbmAoUm",
          "checksum": "f5d7cb34f5fd75f728b845ca3b37bccc"
        },
        {
          "type": "icon",
          "assetId": "BBZInROpO67i",
          "checksum": "70f9108f422fb6e9ae57161666653c26"
        },
        {
          "type": "icon",
          "assetId": "5yXXrMkLRYRW",
          "checksum": "d20c6c4d649f7a9d824438bf8d2b33a1"
        },
        {
          "type": "icon",
          "assetId": "JLJyojIPy5bM",
          "checksum": "b3141189be6637d470ce7c1f253f72a7"
        },
        {
          "type": "icon",
          "assetId": "J07A1eLgMbLa",
          "checksum": "4f404c8cda9c256c278113c8bdee97f4"
        },
        {
          "type": "icon",
          "assetId": "h9sLGs5m_Vd1",
          "checksum": "a2615297ed98a60cdc3762099f89f2bd"
        },
        {
          "type": "icon",
          "assetId": "KIRkdu8buNhp",
          "checksum": "c5a809733a3a35e213c7f7583221437c"
        },
        {
          "type": "icon",
          "assetId": "w5YHMvzaEKho",
          "checksum": "46c2ec94f9180816d741dc3f60c6bb4d"
        },
        {
          "type": "icon",
          "assetId": "I-1KWj6kHo73",
          "checksum": "1d4476120803325e9fd3705c4ff4695c"
        },
        {
          "type": "icon",
          "assetId": "TBWc5K7MgpVr",
          "checksum": "89bb8923547ff7cf38df6b1a6725256c"
        },
        {
          "type": "icon",
          "assetId": "8lQBxIYMce6A",
          "checksum": "11ffab0dfd7b6299e75dd02a527e3d0c"
        },
        {
          "type": "icon",
          "assetId": "vouThdOwt4ZD",
          "checksum": "d8f075fe9562602779a22bb57deb30ed"
        },
        {
          "type": "icon",
          "assetId": "TcA6uFpu7JRC",
          "checksum": "0e068c1fcc16a00bc795368d500820f9"
        },
        {
          "type": "icon",
          "assetId": "cBRHEkj-bEJ3",
          "checksum": "290f56b42d0c9ef8fe3ac66db4cc66ba"
        },
        {
          "type": "icon",
          "assetId": "Y_uxftxiiUAz",
          "checksum": "9a6eda4b194c74bd9e1a470ec820a83c"
        },
        {
          "type": "icon",
          "assetId": "ZJkkVfd7wR-_",
          "checksum": "4e553993eab5f30ef5eacc13811d0541"
        },
        {
          "type": "icon",
          "assetId": "Xd6Jep1FYsA3",
          "checksum": "06e254824760f0a421ef59fc2f1c87ec"
        },
        {
          "type": "image",
          "assetId": "GJ-4uGWNAhX_",
          "checksum": "6532c15a682a966476f25998392adb6e"
        },
        {
          "type": "image",
          "assetId": "QNr7N0aHrltA",
          "checksum": "06232e0fb34098eaf2a0ae621a2a867f"
        },
        {
          "type": "image",
          "assetId": "Nocnc4OEnUgt",
          "checksum": "6d6d6b31e80470bba9e94fe4354ad9e3"
        },
        {
          "type": "image",
          "assetId": "Y8p-lMBwhckZ",
          "checksum": "cf3ec4b796029a54af8d81ff7ae93b38"
        },
        {
          "type": "image",
          "assetId": "4DK4WpDFQ4Ma",
          "checksum": "d0dc4727f126908cd5554e5f86399222"
        },
        {
          "type": "image",
          "assetId": "LMDKFHpu8kFV",
          "checksum": "71a54705ee37884ce8573ba97d5908ee"
        },
        {
          "type": "image",
          "assetId": "z0mBzhFAghRu",
          "checksum": "c4c7b3950d924d6462f66ded611330dc"
        },
        {
          "type": "image",
          "assetId": "-PM6-3VVgQpL",
          "checksum": "4e84b63a3e2e3699e2ad3e299095fb88"
        },
        {
          "type": "image",
          "assetId": "4MWwi7uiW0sf",
          "checksum": "1b0ce04ca9c8bf5406cbcb3e0e4bad84"
        },
        {
          "type": "image",
          "assetId": "cUM5WTHogUBD",
          "checksum": "cdd189af5000d174259101012745b516"
        },
        {
          "type": "image",
          "assetId": "KjaBRzDB7USV",
          "checksum": "12aeb1df089d247f04a400ab09db92d0"
        },
        {
          "type": "image",
          "assetId": "nH5Vi1u0EDDR",
          "checksum": "813cdad4f82d5bdb8eafe5d17810262e"
        },
        {
          "type": "image",
          "assetId": "xKbR2BGGPHWQ",
          "checksum": "2e7b6567bd4d09d6d83249ce87a0996f"
        },
        {
          "type": "image",
          "assetId": "PnJVwhwrtJoE",
          "checksum": "3442ad6cd4e72e26093161e91dca8e70"
        },
        {
          "type": "image",
          "assetId": "pBUbixwzb8fl",
          "checksum": "e5b2544a5837267fb3c7548381bab9db"
        },
        {
          "type": "image",
          "assetId": "H7IHmkiuUTX0",
          "checksum": "7f0ff49c92fc2e7caafe89d67235370c"
        },
        {
          "type": "image",
          "assetId": "3gus-LxCvPzf",
          "checksum": "15238d1e9c522a88aa6ec7898d593996"
        },
        {
          "type": "image",
          "assetId": "-dqyk4N5O20F",
          "checksum": "a1bfe7f184b21d96e50eb9fc139b58cf"
        },
        {
          "type": "image",
          "assetId": "kcIzkxMw1BFG",
          "checksum": "28789b20f4d67cec8a874d123085bbcf"
        },
        {
          "type": "renderModule",
          "assetId": "YZjdruDHGUac",
          "checksum": "6c80e8108ce650f686d7950601d97dc4"
        },
        {
          "type": "cssRules",
          "assetId": "YZjdruDHGUac",
          "checksum": "6c80e8108ce650f686d7950601d97dc4"
        },
        {
          "type": "renderModule",
          "assetId": "FGNacl1eR48v",
          "checksum": "75302aa99c26d5ffdaa295192734182d"
        },
        {
          "type": "cssRules",
          "assetId": "FGNacl1eR48v",
          "checksum": "75302aa99c26d5ffdaa295192734182d"
        },
        {
          "type": "renderModule",
          "assetId": "NVGL4dRD3q_4",
          "checksum": "855cea75a6ee31d3ae2835d5629a83e2"
        },
        {
          "type": "cssRules",
          "assetId": "NVGL4dRD3q_4",
          "checksum": "855cea75a6ee31d3ae2835d5629a83e2"
        },
        {
          "type": "icon",
          "assetId": "sd6MYWubVyh3",
          "checksum": "88fb84cde3eff3b5b67f4e70803fbd1d"
        },
        {
          "type": "renderModule",
          "assetId": "nn118kQlMOAC",
          "checksum": "8c77d2c2cbdbeb653ad7c9afde0207e3"
        },
        {
          "type": "cssRules",
          "assetId": "nn118kQlMOAC",
          "checksum": "8c77d2c2cbdbeb653ad7c9afde0207e3"
        },
        {
          "type": "renderModule",
          "assetId": "q2l6s7HIpw7u",
          "checksum": "5f91ee1e98be97d745eebf2bef4e0b9b"
        },
        {
          "type": "cssRules",
          "assetId": "q2l6s7HIpw7u",
          "checksum": "5f91ee1e98be97d745eebf2bef4e0b9b"
        },
        {
          "type": "image",
          "assetId": "diFRrfH_KEnI",
          "checksum": "37f8da68019d1e040a735aac4016ba6e"
        },
        {
          "type": "image",
          "assetId": "KhTDGTq-MXxX",
          "checksum": "34b06693d538e4a586406d9d058353a3"
        },
        {
          "type": "image",
          "assetId": "d0PoloRmDNl5",
          "checksum": "e46510f96967ca5a19daf5ccf96f044f"
        },
        {
          "type": "image",
          "assetId": "mfmRNX9y_jxv",
          "checksum": "ea7b9b10798a2225bca35ffe763a54a6"
        },
        {
          "type": "image",
          "assetId": "Yx1bhrXFkHaw",
          "checksum": "4e7474e81aeea2ca2b695de3bdf504e2"
        },
        {
          "type": "image",
          "assetId": "_PAm_UU7m0kH",
          "checksum": "f8724f5de4b6900536ba15f332746810"
        },
        {
          "type": "image",
          "assetId": "T1B43wR7EQWK",
          "checksum": "4b472b4a040e3b80b25b8785ce6dfb28"
        },
        {
          "type": "image",
          "assetId": "rCqSeWtKhidz",
          "checksum": "356761d8431789dfa2fa36a86e1b25f4"
        },
        {
          "type": "globalVariant",
          "assetId": "o3R6a5frYu3G",
          "checksum": "27aad2da1b85751b6e3d5aee34747c6c"
        },
        {
          "type": "renderModule",
          "assetId": "-HNmkPk7FKYK",
          "checksum": "65b9a4acfa56606907deb2396c2fdc82"
        },
        {
          "type": "cssRules",
          "assetId": "-HNmkPk7FKYK",
          "checksum": "65b9a4acfa56606907deb2396c2fdc82"
        },
        {
          "type": "renderModule",
          "assetId": "ftCRKqiLCHeT",
          "checksum": "657eb734c8eb4d93bebe54d4b07a0393"
        },
        {
          "type": "cssRules",
          "assetId": "ftCRKqiLCHeT",
          "checksum": "657eb734c8eb4d93bebe54d4b07a0393"
        },
        {
          "type": "renderModule",
          "assetId": "s_Cz1URrXJSO",
          "checksum": "d3ab9332d2b9a0a68a7609869fd358a8"
        },
        {
          "type": "cssRules",
          "assetId": "s_Cz1URrXJSO",
          "checksum": "d3ab9332d2b9a0a68a7609869fd358a8"
        },
        {
          "type": "renderModule",
          "assetId": "BILoRCVR4IMW",
          "checksum": "d79809be4d9cd4262cba16937e1fe131"
        },
        {
          "type": "cssRules",
          "assetId": "BILoRCVR4IMW",
          "checksum": "d79809be4d9cd4262cba16937e1fe131"
        },
        {
          "type": "image",
          "assetId": "p6VVPO6KE-ve",
          "checksum": "666b9e0b47bfd7e3eea61952e033e3b8"
        },
        {
          "type": "renderModule",
          "assetId": "pfmKCpU0cemV",
          "checksum": "3892fd9145af2dd37a7506e1a0dd4b42"
        },
        {
          "type": "cssRules",
          "assetId": "pfmKCpU0cemV",
          "checksum": "3892fd9145af2dd37a7506e1a0dd4b42"
        },
        {
          "type": "renderModule",
          "assetId": "1eoRAvixrQdT",
          "checksum": "5f09a78ef93ef483fccd891150da3f00"
        },
        {
          "type": "cssRules",
          "assetId": "1eoRAvixrQdT",
          "checksum": "5f09a78ef93ef483fccd891150da3f00"
        },
        {
          "type": "renderModule",
          "assetId": "1vp7wIRXlNq8",
          "checksum": "bca99b9fcc4f0bed7f5399f66d9ad542"
        },
        {
          "type": "cssRules",
          "assetId": "1vp7wIRXlNq8",
          "checksum": "bca99b9fcc4f0bed7f5399f66d9ad542"
        },
        {
          "type": "renderModule",
          "assetId": "fL78jSqd6G-W",
          "checksum": "56dd8ac22f7a45bb6e05602e63e0a4f1"
        },
        {
          "type": "cssRules",
          "assetId": "fL78jSqd6G-W",
          "checksum": "56dd8ac22f7a45bb6e05602e63e0a4f1"
        },
        {
          "type": "renderModule",
          "assetId": "_S-PAjhmk554",
          "checksum": "aca86e501775d15c1b68043232436c06"
        },
        {
          "type": "cssRules",
          "assetId": "_S-PAjhmk554",
          "checksum": "aca86e501775d15c1b68043232436c06"
        },
        {
          "type": "renderModule",
          "assetId": "KERk-bERJlpe",
          "checksum": "e98f85c2243e9678bca678d600eed890"
        },
        {
          "type": "cssRules",
          "assetId": "KERk-bERJlpe",
          "checksum": "e98f85c2243e9678bca678d600eed890"
        },
        {
          "type": "icon",
          "assetId": "2AAjufLElL24",
          "checksum": "9a3f4dc8433ca8fb693fd708ea449aae"
        },
        {
          "type": "icon",
          "assetId": "ZEMU8cYUTS7V",
          "checksum": "6e33a4c9836a247c4de427217ae37e12"
        },
        {
          "type": "icon",
          "assetId": "dXFzCG_DnbMq",
          "checksum": "b7637ff2ab27ceb5cb3d06184194faeb"
        },
        {
          "type": "icon",
          "assetId": "V3d6YgexVq5P",
          "checksum": "53acf06456e5eea8fd8f875a2bda9d54"
        },
        {
          "type": "icon",
          "assetId": "mwYmhIA7hqjY",
          "checksum": "b9c6f9e850498dfd97115e342e31a6d8"
        },
        {
          "type": "renderModule",
          "assetId": "0wQjSxZ9XwHa",
          "checksum": "af4cd36690e162bf4332eb83342f4d5a"
        },
        {
          "type": "cssRules",
          "assetId": "0wQjSxZ9XwHa",
          "checksum": "af4cd36690e162bf4332eb83342f4d5a"
        },
        {
          "type": "renderModule",
          "assetId": "amqWhOAAf6Vm",
          "checksum": "b288a4479b1e6c1bcdaa7b6b9ae6aefe"
        },
        {
          "type": "cssRules",
          "assetId": "amqWhOAAf6Vm",
          "checksum": "b288a4479b1e6c1bcdaa7b6b9ae6aefe"
        },
        {
          "type": "renderModule",
          "assetId": "wktJy5_5Z9UD",
          "checksum": "86261c1c72594072c042f7b9d64e1d05"
        },
        {
          "type": "cssRules",
          "assetId": "wktJy5_5Z9UD",
          "checksum": "86261c1c72594072c042f7b9d64e1d05"
        },
        {
          "type": "renderModule",
          "assetId": "20JMcDj8I9Km",
          "checksum": "17b5dd8f0d7598b5e9df85bb93ccfe44"
        },
        {
          "type": "cssRules",
          "assetId": "20JMcDj8I9Km",
          "checksum": "17b5dd8f0d7598b5e9df85bb93ccfe44"
        },
        {
          "type": "renderModule",
          "assetId": "91sde1xxKkNX",
          "checksum": "eda41b1aff6b902ef4a5654ba86fc506"
        },
        {
          "type": "cssRules",
          "assetId": "91sde1xxKkNX",
          "checksum": "eda41b1aff6b902ef4a5654ba86fc506"
        },
        {
          "type": "renderModule",
          "assetId": "h4XyEFfhBuXq",
          "checksum": "d76b6f61624937f0f374af2b85509656"
        },
        {
          "type": "cssRules",
          "assetId": "h4XyEFfhBuXq",
          "checksum": "d76b6f61624937f0f374af2b85509656"
        },
        {
          "type": "renderModule",
          "assetId": "ZN_2wNKlL_Tv",
          "checksum": "997672b503b2b16c9154a8fec13352e5"
        },
        {
          "type": "cssRules",
          "assetId": "ZN_2wNKlL_Tv",
          "checksum": "997672b503b2b16c9154a8fec13352e5"
        },
        {
          "type": "renderModule",
          "assetId": "w9WrndX1XiEm",
          "checksum": "59047a1c208282f36e743d68e039f4ae"
        },
        {
          "type": "cssRules",
          "assetId": "w9WrndX1XiEm",
          "checksum": "59047a1c208282f36e743d68e039f4ae"
        },
        {
          "type": "renderModule",
          "assetId": "yrCDLPBLbJC6",
          "checksum": "52729a71be2400df74c1baa1d8b67803"
        },
        {
          "type": "cssRules",
          "assetId": "yrCDLPBLbJC6",
          "checksum": "52729a71be2400df74c1baa1d8b67803"
        },
        {
          "type": "renderModule",
          "assetId": "nWtcpph3tHIf",
          "checksum": "5308be24f9b503b08828784354ef6357"
        },
        {
          "type": "cssRules",
          "assetId": "nWtcpph3tHIf",
          "checksum": "5308be24f9b503b08828784354ef6357"
        },
        {
          "type": "renderModule",
          "assetId": "vGoC4GKdwTta",
          "checksum": "a9787f05bf436f84e3ad3c51e685616a"
        },
        {
          "type": "cssRules",
          "assetId": "vGoC4GKdwTta",
          "checksum": "a9787f05bf436f84e3ad3c51e685616a"
        },
        {
          "type": "icon",
          "assetId": "nlOIPZUgTjYn",
          "checksum": "1cab112388c17bfce5b4e50e8e574ae7"
        },
        {
          "type": "renderModule",
          "assetId": "pjNmnYGMdv5Z",
          "checksum": "75f9da033242d80025ec1d0615319f8a"
        },
        {
          "type": "cssRules",
          "assetId": "pjNmnYGMdv5Z",
          "checksum": "75f9da033242d80025ec1d0615319f8a"
        },
        {
          "type": "icon",
          "assetId": "HfveT-jU9e3u",
          "checksum": "61b401280701664703702786165f8c2b"
        },
        {
          "type": "renderModule",
          "assetId": "o5K8Z3qWaJGm",
          "checksum": "4a668d0ded7bae3c7c31b724ce5e7b43"
        },
        {
          "type": "cssRules",
          "assetId": "o5K8Z3qWaJGm",
          "checksum": "4a668d0ded7bae3c7c31b724ce5e7b43"
        },
        {
          "type": "renderModule",
          "assetId": "ImFQnwBYcSJp",
          "checksum": "b43455dcf44ea3b4c87024f54ff8b50a"
        },
        {
          "type": "cssRules",
          "assetId": "ImFQnwBYcSJp",
          "checksum": "b43455dcf44ea3b4c87024f54ff8b50a"
        },
        {
          "type": "renderModule",
          "assetId": "pl0YfSACN4Nw",
          "checksum": "0ef8ab85d5cc540bd04fa625cba69f74"
        },
        {
          "type": "cssRules",
          "assetId": "pl0YfSACN4Nw",
          "checksum": "0ef8ab85d5cc540bd04fa625cba69f74"
        },
        {
          "type": "image",
          "assetId": "U9bdB6Q4akAd",
          "checksum": "b7ca1143e0a4256a17b66c2475dc6359"
        },
        {
          "type": "image",
          "assetId": "URrdelMbg0g_",
          "checksum": "71289d30c3111364e0febcfa6bcaa78d"
        },
        {
          "type": "image",
          "assetId": "iN6cq_ZOlgix",
          "checksum": "05b74d78f39dba1e9f1c68dce3cc06a2"
        },
        {
          "type": "image",
          "assetId": "eYgOJe-hmLRE",
          "checksum": "543297eae69db2de7ef5ecff93ccd20c"
        },
        {
          "type": "image",
          "assetId": "5N8nafGn1MPK",
          "checksum": "ee18d91eae24fd2004b866505452a4f7"
        },
        {
          "type": "image",
          "assetId": "i-ZWLcQmhGpo",
          "checksum": "3cc2b5e53e38f92b1293f912e8197874"
        },
        {
          "type": "image",
          "assetId": "nMnSyo8p6RI5",
          "checksum": "a28c05bef48a0607fed45f93cabb9bde"
        },
        {
          "type": "renderModule",
          "assetId": "h0trZzJIFxmu",
          "checksum": "3bb3394f36f6500c19c3d9a95c992cb6"
        },
        {
          "type": "cssRules",
          "assetId": "h0trZzJIFxmu",
          "checksum": "3bb3394f36f6500c19c3d9a95c992cb6"
        },
        {
          "type": "renderModule",
          "assetId": "qFRK-okrxuuw",
          "checksum": "f24c478362cfa17d473ed650704a4d01"
        },
        {
          "type": "cssRules",
          "assetId": "qFRK-okrxuuw",
          "checksum": "f24c478362cfa17d473ed650704a4d01"
        },
        {
          "type": "renderModule",
          "assetId": "90xCi2dO4d5a",
          "checksum": "780a2d770e1e31a9d274dda4c6e00ada"
        },
        {
          "type": "cssRules",
          "assetId": "90xCi2dO4d5a",
          "checksum": "780a2d770e1e31a9d274dda4c6e00ada"
        },
        {
          "type": "icon",
          "assetId": "2RuP2hqct_dY",
          "checksum": "3a91cb00dc99000969f292f457f65493"
        },
        {
          "type": "renderModule",
          "assetId": "yuJ4kW6TZe94",
          "checksum": "ddd8134774578a834a704b63da50b784"
        },
        {
          "type": "cssRules",
          "assetId": "yuJ4kW6TZe94",
          "checksum": "ddd8134774578a834a704b63da50b784"
        },
        {
          "type": "renderModule",
          "assetId": "ybjzFR7MtVY2",
          "checksum": "d9699865df4410f1b223f1b5dd79780f"
        },
        {
          "type": "cssRules",
          "assetId": "ybjzFR7MtVY2",
          "checksum": "d9699865df4410f1b223f1b5dd79780f"
        },
        {
          "type": "renderModule",
          "assetId": "XijmaTP8xfzh",
          "checksum": "fed8872b5cf586f653b244ee95bcc29c"
        },
        {
          "type": "cssRules",
          "assetId": "XijmaTP8xfzh",
          "checksum": "fed8872b5cf586f653b244ee95bcc29c"
        },
        {
          "type": "renderModule",
          "assetId": "BR3GsKzlzPrc",
          "checksum": "3d81235201550bb024f66108fca35610"
        },
        {
          "type": "cssRules",
          "assetId": "BR3GsKzlzPrc",
          "checksum": "3d81235201550bb024f66108fca35610"
        },
        {
          "type": "renderModule",
          "assetId": "TRQFSv420h4D",
          "checksum": "858a4bca77f32bece59e9844ad2baf5c"
        },
        {
          "type": "cssRules",
          "assetId": "TRQFSv420h4D",
          "checksum": "858a4bca77f32bece59e9844ad2baf5c"
        },
        {
          "type": "renderModule",
          "assetId": "pFMQCMqFtkNz",
          "checksum": "ef458036c0e0b649b8963e35ff043600"
        },
        {
          "type": "cssRules",
          "assetId": "pFMQCMqFtkNz",
          "checksum": "ef458036c0e0b649b8963e35ff043600"
        },
        {
          "type": "icon",
          "assetId": "HkImNedHWagW",
          "checksum": "a1253312b76295d20c6b6a17f5d88ee9"
        },
        {
          "type": "image",
          "assetId": "v1EB9kr3MxUM",
          "checksum": "d7a2efa98b093b382dd4864e8c378f06"
        },
        {
          "type": "image",
          "assetId": "DhguzRklqJ6b",
          "checksum": "d63b4848e6392234b40a5e6f9519f87e"
        },
        {
          "type": "image",
          "assetId": "Pb-_6m70sC0x",
          "checksum": "75f1a44d791b64bcdf459f57d482642d"
        },
        {
          "type": "renderModule",
          "assetId": "P-YvXBhx4Ztn",
          "checksum": "f3715fa4ff6f0f55b4cb8f9b2ce52fa2"
        },
        {
          "type": "cssRules",
          "assetId": "P-YvXBhx4Ztn",
          "checksum": "f3715fa4ff6f0f55b4cb8f9b2ce52fa2"
        },
        {
          "type": "icon",
          "assetId": "480yurPMFzhC",
          "checksum": "0520e93bd96c346db0a3059ee82a8b17"
        },
        {
          "type": "image",
          "assetId": "oLXFGZmV-XUC",
          "checksum": "286f0c0171aae0db8feff1abc99fd516"
        },
        {
          "type": "renderModule",
          "assetId": "V853JvFbe8dS",
          "checksum": "20165443000b6fd16cab5e73c5786bb1"
        },
        {
          "type": "cssRules",
          "assetId": "V853JvFbe8dS",
          "checksum": "20165443000b6fd16cab5e73c5786bb1"
        },
        {
          "type": "renderModule",
          "assetId": "CJpG2dK0Va9g",
          "checksum": "24f015de9a389a6120d998969a71677a"
        },
        {
          "type": "cssRules",
          "assetId": "CJpG2dK0Va9g",
          "checksum": "24f015de9a389a6120d998969a71677a"
        },
        {
          "type": "renderModule",
          "assetId": "-o3LJ1ExUSGd",
          "checksum": "f5108d85e8e80704e8f4a532beb466ab"
        },
        {
          "type": "cssRules",
          "assetId": "-o3LJ1ExUSGd",
          "checksum": "f5108d85e8e80704e8f4a532beb466ab"
        },
        {
          "type": "renderModule",
          "assetId": "OhQzzHxEWBm5",
          "checksum": "9d7a8a9e65e4738fb03e921f6ae1cce1"
        },
        {
          "type": "cssRules",
          "assetId": "OhQzzHxEWBm5",
          "checksum": "9d7a8a9e65e4738fb03e921f6ae1cce1"
        },
        {
          "type": "renderModule",
          "assetId": "5f0MCF-XtEuB",
          "checksum": "373e91d8c19bb361f58113d5a2fcf873"
        },
        {
          "type": "cssRules",
          "assetId": "5f0MCF-XtEuB",
          "checksum": "373e91d8c19bb361f58113d5a2fcf873"
        },
        {
          "type": "renderModule",
          "assetId": "NL4Ws_7S4FzI",
          "checksum": "84ed03359bd1f34b20bd76c06d34e651"
        },
        {
          "type": "cssRules",
          "assetId": "NL4Ws_7S4FzI",
          "checksum": "84ed03359bd1f34b20bd76c06d34e651"
        },
        {
          "type": "renderModule",
          "assetId": "fmbUABtykuVg",
          "checksum": "367daca165c45a43e98f170fd85fe997"
        },
        {
          "type": "cssRules",
          "assetId": "fmbUABtykuVg",
          "checksum": "367daca165c45a43e98f170fd85fe997"
        },
        {
          "type": "renderModule",
          "assetId": "Yr3flUKDEH6p",
          "checksum": "4144e65dae6929c5d6cbfb5cd2f9f2be"
        },
        {
          "type": "cssRules",
          "assetId": "Yr3flUKDEH6p",
          "checksum": "4144e65dae6929c5d6cbfb5cd2f9f2be"
        },
        {
          "type": "renderModule",
          "assetId": "DqRexz4rYNtF",
          "checksum": "d8cc51d46b6bc38bcd3771653dfc1c17"
        },
        {
          "type": "cssRules",
          "assetId": "DqRexz4rYNtF",
          "checksum": "d8cc51d46b6bc38bcd3771653dfc1c17"
        },
        {
          "type": "renderModule",
          "assetId": "eEXoAGFO6CWV",
          "checksum": "5cf3f27f30bfdb8d7a637d086ad85c70"
        },
        {
          "type": "cssRules",
          "assetId": "eEXoAGFO6CWV",
          "checksum": "5cf3f27f30bfdb8d7a637d086ad85c70"
        },
        {
          "type": "icon",
          "assetId": "SnJk96yyUigZ",
          "checksum": "533a476a4d2ecadf1e65a95f814c1cd1"
        },
        {
          "type": "renderModule",
          "assetId": "BRfhhBRySlKA",
          "checksum": "5755d25f98e72b89a07b83a2aee9d348"
        },
        {
          "type": "cssRules",
          "assetId": "BRfhhBRySlKA",
          "checksum": "5755d25f98e72b89a07b83a2aee9d348"
        },
        {
          "type": "renderModule",
          "assetId": "xAT4KXqPQbaF",
          "checksum": "1ccd24c157041c34f483bc4d03d03cfc"
        },
        {
          "type": "cssRules",
          "assetId": "xAT4KXqPQbaF",
          "checksum": "1ccd24c157041c34f483bc4d03d03cfc"
        },
        {
          "type": "icon",
          "assetId": "wuaoX7IFFr8_",
          "checksum": "ae99f336f1a8e9513bc7c0b045fa6ab8"
        },
        {
          "type": "icon",
          "assetId": "RZEM2UmEVS6m",
          "checksum": "7e4f95e2b6fa1f30db206183f31cecee"
        },
        {
          "type": "renderModule",
          "assetId": "c6czgU2PZEZT",
          "checksum": "24d1a537f8737f00445056403dd14f72"
        },
        {
          "type": "cssRules",
          "assetId": "c6czgU2PZEZT",
          "checksum": "24d1a537f8737f00445056403dd14f72"
        },
        {
          "type": "renderModule",
          "assetId": "oroZGFcSE0LK",
          "checksum": "89b673248c52eff110ff5a0224cb562f"
        },
        {
          "type": "cssRules",
          "assetId": "oroZGFcSE0LK",
          "checksum": "89b673248c52eff110ff5a0224cb562f"
        },
        {
          "type": "renderModule",
          "assetId": "nX5ivYUrRc2W",
          "checksum": "5d39d147c143b8ec64d76efe36d0071e"
        },
        {
          "type": "cssRules",
          "assetId": "nX5ivYUrRc2W",
          "checksum": "5d39d147c143b8ec64d76efe36d0071e"
        },
        {
          "type": "icon",
          "assetId": "HdrPe8G3Z0hy",
          "checksum": "de552618a634fc92fe9dee3f294befb0"
        },
        {
          "type": "renderModule",
          "assetId": "bDT2gFRjoAiP",
          "checksum": "a22a9f7fbd9cf5482a518b2fdf44f748"
        },
        {
          "type": "cssRules",
          "assetId": "bDT2gFRjoAiP",
          "checksum": "a22a9f7fbd9cf5482a518b2fdf44f748"
        },
        {
          "type": "renderModule",
          "assetId": "UZv_JybYoTjg",
          "checksum": "c158f665f750aa612f2e56517bc14764"
        },
        {
          "type": "cssRules",
          "assetId": "UZv_JybYoTjg",
          "checksum": "c158f665f750aa612f2e56517bc14764"
        },
        {
          "type": "renderModule",
          "assetId": "YHX7r1koYXua",
          "checksum": "69cf99be7a352babbd7ed381bdda335d"
        },
        {
          "type": "cssRules",
          "assetId": "YHX7r1koYXua",
          "checksum": "69cf99be7a352babbd7ed381bdda335d"
        },
        {
          "type": "renderModule",
          "assetId": "TBnEkGLLqmJO",
          "checksum": "a31d3d122c195718b056ad0ef551886f"
        },
        {
          "type": "cssRules",
          "assetId": "TBnEkGLLqmJO",
          "checksum": "a31d3d122c195718b056ad0ef551886f"
        },
        {
          "type": "renderModule",
          "assetId": "Nv1hbciYplVE",
          "checksum": "89f10c8c3c1eb3aa7c1d7d54ec4c9365"
        },
        {
          "type": "cssRules",
          "assetId": "Nv1hbciYplVE",
          "checksum": "89f10c8c3c1eb3aa7c1d7d54ec4c9365"
        },
        {
          "type": "renderModule",
          "assetId": "8JsWp1i_uRX-",
          "checksum": "edf73c476e51f65bac369ef440c0adfb"
        },
        {
          "type": "cssRules",
          "assetId": "8JsWp1i_uRX-",
          "checksum": "edf73c476e51f65bac369ef440c0adfb"
        },
        {
          "type": "renderModule",
          "assetId": "QrVApQRILF2K",
          "checksum": "0919ecfaa93872c0418400e4bdec0a4c"
        },
        {
          "type": "cssRules",
          "assetId": "QrVApQRILF2K",
          "checksum": "0919ecfaa93872c0418400e4bdec0a4c"
        },
        {
          "type": "renderModule",
          "assetId": "peFiZbBQXNG2",
          "checksum": "36428bd17b26deb21d4dd2d3f4f7a7d8"
        },
        {
          "type": "cssRules",
          "assetId": "peFiZbBQXNG2",
          "checksum": "36428bd17b26deb21d4dd2d3f4f7a7d8"
        },
        {
          "type": "renderModule",
          "assetId": "MU0TpuySR0t9",
          "checksum": "b8911868d58b3a247c9ae96116156e9d"
        },
        {
          "type": "cssRules",
          "assetId": "MU0TpuySR0t9",
          "checksum": "b8911868d58b3a247c9ae96116156e9d"
        },
        {
          "type": "renderModule",
          "assetId": "_Cbr6Dwvaf0w",
          "checksum": "48a432c8cf8c9f9d856920b84b155df2"
        },
        {
          "type": "cssRules",
          "assetId": "_Cbr6Dwvaf0w",
          "checksum": "48a432c8cf8c9f9d856920b84b155df2"
        },
        {
          "type": "renderModule",
          "assetId": "9b8CeTfcgtV8",
          "checksum": "53eeb72b615524891f676759c0ac0b8b"
        },
        {
          "type": "cssRules",
          "assetId": "9b8CeTfcgtV8",
          "checksum": "53eeb72b615524891f676759c0ac0b8b"
        },
        {
          "type": "renderModule",
          "assetId": "zC-Mr2iMn1dL",
          "checksum": "e1c3961de4344b757690703336babbf2"
        },
        {
          "type": "cssRules",
          "assetId": "zC-Mr2iMn1dL",
          "checksum": "e1c3961de4344b757690703336babbf2"
        },
        {
          "type": "renderModule",
          "assetId": "8ZkwL0g0X38I",
          "checksum": "b6d88567853c21a517b9c65c6c35a5c0"
        },
        {
          "type": "cssRules",
          "assetId": "8ZkwL0g0X38I",
          "checksum": "b6d88567853c21a517b9c65c6c35a5c0"
        },
        {
          "type": "renderModule",
          "assetId": "Mf-dytp-tcvL",
          "checksum": "f7e5747be84cb28cb64db7d5697495f3"
        },
        {
          "type": "cssRules",
          "assetId": "Mf-dytp-tcvL",
          "checksum": "f7e5747be84cb28cb64db7d5697495f3"
        },
        {
          "type": "image",
          "assetId": "_Ump2_baGV7c",
          "checksum": "c254f85be87207ce2ed37ce874937b2f"
        },
        {
          "type": "image",
          "assetId": "9UUJ8LonzYcR",
          "checksum": "ea23d8bbef6d514f79274138d08912b8"
        },
        {
          "type": "image",
          "assetId": "rAIsRUDOV8NJ",
          "checksum": "9c4aa9176303bb4509e6ac235531b1ff"
        },
        {
          "type": "image",
          "assetId": "JSkLl0y2cKSg",
          "checksum": "63f73ab702d04e803f7dd9b8c8de747f"
        },
        {
          "type": "image",
          "assetId": "sLKDjp4DWRJg",
          "checksum": "14b6647ef640a628c8d70ce70a4efa64"
        },
        {
          "type": "image",
          "assetId": "HpFGFBlrtjl9",
          "checksum": "e5d875f5ff44ae0d1cfe7b6f1ddd367a"
        },
        {
          "type": "image",
          "assetId": "2qmxN8mwsDsV",
          "checksum": "7efab2fe46204d1b146c089511413856"
        },
        {
          "type": "renderModule",
          "assetId": "8vy9oxrBKO3N",
          "checksum": "de2cae8a99a15b6127ae77f4c181240f"
        },
        {
          "type": "cssRules",
          "assetId": "8vy9oxrBKO3N",
          "checksum": "de2cae8a99a15b6127ae77f4c181240f"
        },
        {
          "type": "renderModule",
          "assetId": "E5TEWGpV7MnO",
          "checksum": "4898cdb2bbc284da3b28ff9ff7510687"
        },
        {
          "type": "cssRules",
          "assetId": "E5TEWGpV7MnO",
          "checksum": "4898cdb2bbc284da3b28ff9ff7510687"
        },
        {
          "type": "icon",
          "assetId": "VgUBlzQRDY_v",
          "checksum": "3bbfac15ecb4391e74161298c3ea5f9b"
        },
        {
          "type": "renderModule",
          "assetId": "6HEPAdwlP8u-",
          "checksum": "b2d11da62365c2e603560fe18afca852"
        },
        {
          "type": "cssRules",
          "assetId": "6HEPAdwlP8u-",
          "checksum": "b2d11da62365c2e603560fe18afca852"
        },
        {
          "type": "renderModule",
          "assetId": "Mo3DD1VnWk6l",
          "checksum": "f994093c19f5a8b48fef8d479e5671b0"
        },
        {
          "type": "cssRules",
          "assetId": "Mo3DD1VnWk6l",
          "checksum": "f994093c19f5a8b48fef8d479e5671b0"
        },
        {
          "type": "renderModule",
          "assetId": "Cj5yFNb9f9DR",
          "checksum": "d88e7716aafafc33451dae5097175912"
        },
        {
          "type": "cssRules",
          "assetId": "Cj5yFNb9f9DR",
          "checksum": "d88e7716aafafc33451dae5097175912"
        },
        {
          "type": "renderModule",
          "assetId": "s3lR74zcYqTi",
          "checksum": "0aeac0f5101b35a6bb7ca3347da56551"
        },
        {
          "type": "cssRules",
          "assetId": "s3lR74zcYqTi",
          "checksum": "0aeac0f5101b35a6bb7ca3347da56551"
        },
        {
          "type": "renderModule",
          "assetId": "rsu3SXicdqjb",
          "checksum": "cefd078ee3a1e66b51afc0b1198b6447"
        },
        {
          "type": "cssRules",
          "assetId": "rsu3SXicdqjb",
          "checksum": "cefd078ee3a1e66b51afc0b1198b6447"
        },
        {
          "type": "renderModule",
          "assetId": "OhMS9mmVgmjX",
          "checksum": "a71d5727d088c84cc0c3ae607b98d3b8"
        },
        {
          "type": "cssRules",
          "assetId": "OhMS9mmVgmjX",
          "checksum": "a71d5727d088c84cc0c3ae607b98d3b8"
        },
        {
          "type": "renderModule",
          "assetId": "_c6dW-u5D8SQ",
          "checksum": "9a8fc33644768b12029079d0e27c3110"
        },
        {
          "type": "cssRules",
          "assetId": "_c6dW-u5D8SQ",
          "checksum": "9a8fc33644768b12029079d0e27c3110"
        },
        {
          "type": "icon",
          "assetId": "PFhoEeCyCTo1",
          "checksum": "4764bf96096ce51d388bb8477c1c97c1"
        },
        {
          "type": "icon",
          "assetId": "63YnkqLOEAM3",
          "checksum": "379cc30b35f61fd4519fa293974c2032"
        },
        {
          "type": "icon",
          "assetId": "SZilBF00Lt3s",
          "checksum": "978b008c2350bc4f80e84b2017709ab1"
        },
        {
          "type": "icon",
          "assetId": "29x9snRvI3lW",
          "checksum": "e6dd3a50272f87eddcc5825d24c6dc60"
        },
        {
          "type": "icon",
          "assetId": "CZNfu11PHS7W",
          "checksum": "5f2648eb916a6c7b304b9c397722e134"
        },
        {
          "type": "renderModule",
          "assetId": "IQ2c8c_hDkmi",
          "checksum": "8e65e8e62a2a442f8f6ae99c0ee23834"
        },
        {
          "type": "cssRules",
          "assetId": "IQ2c8c_hDkmi",
          "checksum": "8e65e8e62a2a442f8f6ae99c0ee23834"
        },
        {
          "type": "renderModule",
          "assetId": "iOOjtDw_sc94",
          "checksum": "b6187cf9b95caf39b848d170da7d46da"
        },
        {
          "type": "cssRules",
          "assetId": "iOOjtDw_sc94",
          "checksum": "b6187cf9b95caf39b848d170da7d46da"
        },
        {
          "type": "renderModule",
          "assetId": "OMdPTI3XFm3i",
          "checksum": "0b7ca6878a1b7a3bd081664985e6066b"
        },
        {
          "type": "cssRules",
          "assetId": "OMdPTI3XFm3i",
          "checksum": "0b7ca6878a1b7a3bd081664985e6066b"
        },
        {
          "type": "icon",
          "assetId": "C-E9NBaV2Mie",
          "checksum": "7fdb0b2106d1e7b263dfe87ee67fe463"
        },
        {
          "type": "renderModule",
          "assetId": "sfd6F04sxWcM",
          "checksum": "d71720dc1f84731f137f900b116c32d5"
        },
        {
          "type": "cssRules",
          "assetId": "sfd6F04sxWcM",
          "checksum": "d71720dc1f84731f137f900b116c32d5"
        },
        {
          "type": "image",
          "assetId": "SCl1cYTK0Mk9",
          "checksum": "f5b12693d49d9037703b4eeba267dba3"
        },
        {
          "type": "image",
          "assetId": "J66H-Fs_GvDF",
          "checksum": "77b823b0754f242a7b0a865471361c46"
        },
        {
          "type": "icon",
          "assetId": "PEwZHbQZ9aIL",
          "checksum": "7d5a9016a22253feca82d1903145b207"
        },
        {
          "type": "image",
          "assetId": "BhiloLGaotqE",
          "checksum": "7ec33aea0f3634755f45976c74bcb38d"
        },
        {
          "type": "renderModule",
          "assetId": "XX0_JPfCPMT2",
          "checksum": "3eafbc849f776ab00350a51af8e4bcb7"
        },
        {
          "type": "cssRules",
          "assetId": "XX0_JPfCPMT2",
          "checksum": "3eafbc849f776ab00350a51af8e4bcb7"
        },
        {
          "type": "renderModule",
          "assetId": "lU1Y0Rijh0b0",
          "checksum": "4c3dd28dd3e72678fc17363ccc73a729"
        },
        {
          "type": "cssRules",
          "assetId": "lU1Y0Rijh0b0",
          "checksum": "4c3dd28dd3e72678fc17363ccc73a729"
        },
        {
          "type": "image",
          "assetId": "H6eww0KYM_lN",
          "checksum": "859e7239c56428f2642eb929b26c64c5"
        },
        {
          "type": "image",
          "assetId": "QAEYGTlvYGnw",
          "checksum": "d8c77236e38987becf4c655d3adf8047"
        },
        {
          "type": "renderModule",
          "assetId": "juWg6hSQlE-U",
          "checksum": "7272526e80235b93486cec28fe160141"
        },
        {
          "type": "cssRules",
          "assetId": "juWg6hSQlE-U",
          "checksum": "7272526e80235b93486cec28fe160141"
        },
        {
          "assetId": "1LHryFzrfagz6s5XszxyaX",
          "type": "projectCss",
          "checksum": "b13e295d4d2b0c4cad3bbe735e6fbcec"
        }
      ],
      "codegenVersion": "0.0.3"
    },
    {
      "projectId": "gmeH6XgPaBtkt51HunAo4g",
      "version": "18.30.0",
      "dependencies": {},
      "lang": "js",
      "fileLocks": [
        {
          "assetId": "gmeH6XgPaBtkt51HunAo4g",
          "type": "projectCss",
          "checksum": "a92f8a81c335659a69443e50fd02af8c"
        },
        {
          "assetId": "gmeH6XgPaBtkt51HunAo4g",
          "checksum": "12432bceef704021122cb8b3d2017760",
          "type": "projectModule"
        },
        {
          "assetId": "gmeH6XgPaBtkt51HunAo4g",
          "checksum": "fe72ba8dfd186001e008f2e95fe60374",
          "type": "styleTokensProvider"
        }
      ],
      "codegenVersion": "0.0.3"
    }
  ],
  "cliVersion": "0.1.359"
}
