{
  "projects": [
    {
      "projectId": "8PtdGodUbexNYgkuyBUcWu",
      "version": "3.33.0",
      "dependencies": {},
      "lang": "js",
      "fileLocks": [
        {
          "assetId": "8PtdGodUbexNYgkuyBUcWu",
          "type": "projectCss",
          "checksum": "1ba4aeba50d03a6e744a73a4e6995be9"
        },
        {
          "assetId": "8PtdGodUbexNYgkuyBUcWu",
          "checksum": "7374716521343de54f4a1551004b56d6",
          "type": "globalContexts"
        },
        {
          "assetId": "8PtdGodUbexNYgkuyBUcWu",
          "checksum": "4a730a817c90d1d4e5cc48ca7ca0f665",
          "type": "projectModule"
        },
        {
          "assetId": "8PtdGodUbexNYgkuyBUcWu",
          "checksum": "1067b7f90483f13e0d6bcbdffd99aa8c",
          "type": "styleTokensProvider"
        }
      ],
      "codegenVersion": "0.0.3"
    },
    {
      "projectId": "1LHryFzrfagz6s5XszxyaX",
      "version": "latest",
      "dependencies": {
        "8PtdGodUbexNYgkuyBUcWu": "3.33.0"
      },
      "lang": "js",
      "fileLocks": [
        {
          "assetId": "1LHryFzrfagz6s5XszxyaX",
          "checksum": "6bc6f0b8bc0bd5800f5f7a861dc25534",
          "type": "globalContexts"
        },
        {
          "assetId": "1LHryFzrfagz6s5XszxyaX",
          "checksum": "a39b3c418e2adf7cfdfad33516fa7dd6",
          "type": "projectModule"
        },
        {
          "assetId": "1LHryFzrfagz6s5XszxyaX",
          "checksum": "4709940533fbb56473d4f1d11fd47245",
          "type": "styleTokensProvider"
        },
        {
          "type": "renderModule",
          "assetId": "9i_F_lMez6u7",
          "checksum": "22115c8a9ecc6a9bc7650d02988e9463"
        },
        {
          "type": "cssRules",
          "assetId": "9i_F_lMez6u7",
          "checksum": "22115c8a9ecc6a9bc7650d02988e9463"
        },
        {
          "type": "renderModule",
          "assetId": "_gAGXkAXxPJ1",
          "checksum": "91e82d00900494bdb580471bd72a4fa1"
        },
        {
          "type": "cssRules",
          "assetId": "_gAGXkAXxPJ1",
          "checksum": "91e82d00900494bdb580471bd72a4fa1"
        },
        {
          "type": "renderModule",
          "assetId": "5h9FlaGpp_HW",
          "checksum": "3b8467882588ed6b57ba8752723c8566"
        },
        {
          "type": "cssRules",
          "assetId": "5h9FlaGpp_HW",
          "checksum": "3b8467882588ed6b57ba8752723c8566"
        },
        {
          "type": "renderModule",
          "assetId": "QXwWWXLv7dKm",
          "checksum": "005f5c98f1ae860a16d3f8b4b74cffec"
        },
        {
          "type": "cssRules",
          "assetId": "QXwWWXLv7dKm",
          "checksum": "005f5c98f1ae860a16d3f8b4b74cffec"
        },
        {
          "type": "renderModule",
          "assetId": "6YxcbeY1AF1_",
          "checksum": "812452372c8f0bd41d4f196534be029e"
        },
        {
          "type": "cssRules",
          "assetId": "6YxcbeY1AF1_",
          "checksum": "812452372c8f0bd41d4f196534be029e"
        },
        {
          "type": "renderModule",
          "assetId": "9cwbKxCRtECB",
          "checksum": "8981828d9c5a6d0097b1f13fe8c21e73"
        },
        {
          "type": "cssRules",
          "assetId": "9cwbKxCRtECB",
          "checksum": "8981828d9c5a6d0097b1f13fe8c21e73"
        },
        {
          "type": "renderModule",
          "assetId": "OXSVHEvZKoQP",
          "checksum": "35972e5dbb5b67d3202ba380779b93a3"
        },
        {
          "type": "cssRules",
          "assetId": "OXSVHEvZKoQP",
          "checksum": "35972e5dbb5b67d3202ba380779b93a3"
        },
        {
          "type": "renderModule",
          "assetId": "U8ruvn_mupQO",
          "checksum": "6ce72de2ad92af07f74027b2c30785d0"
        },
        {
          "type": "cssRules",
          "assetId": "U8ruvn_mupQO",
          "checksum": "6ce72de2ad92af07f74027b2c30785d0"
        },
        {
          "type": "renderModule",
          "assetId": "qoaNCaz5f2G1",
          "checksum": "a03774cabee1d456a12ed72fbcedff63"
        },
        {
          "type": "cssRules",
          "assetId": "qoaNCaz5f2G1",
          "checksum": "a03774cabee1d456a12ed72fbcedff63"
        },
        {
          "type": "renderModule",
          "assetId": "tGnuTHE96HBi",
          "checksum": "f3e973cddbe537591d4941654cc10335"
        },
        {
          "type": "cssRules",
          "assetId": "tGnuTHE96HBi",
          "checksum": "f3e973cddbe537591d4941654cc10335"
        },
        {
          "type": "renderModule",
          "assetId": "fD_Lygxuv5kw",
          "checksum": "a3f2f1e3545cefde2084f37b88b33e0c"
        },
        {
          "type": "cssRules",
          "assetId": "fD_Lygxuv5kw",
          "checksum": "a3f2f1e3545cefde2084f37b88b33e0c"
        },
        {
          "type": "renderModule",
          "assetId": "uVYTGz9cJOUu",
          "checksum": "d06b7893f228fda107e45e025381e3d0"
        },
        {
          "type": "cssRules",
          "assetId": "uVYTGz9cJOUu",
          "checksum": "d06b7893f228fda107e45e025381e3d0"
        },
        {
          "type": "renderModule",
          "assetId": "IXlYPJ9laVnz",
          "checksum": "8d6bd79765ce90b03effca37a750b779"
        },
        {
          "type": "cssRules",
          "assetId": "IXlYPJ9laVnz",
          "checksum": "8d6bd79765ce90b03effca37a750b779"
        },
        {
          "type": "renderModule",
          "assetId": "Bygnfqie3Cqa",
          "checksum": "aa2a51b18cc3aff4f465ce4449b37901"
        },
        {
          "type": "cssRules",
          "assetId": "Bygnfqie3Cqa",
          "checksum": "aa2a51b18cc3aff4f465ce4449b37901"
        },
        {
          "type": "icon",
          "assetId": "B8aXAFRTKbUL",
          "checksum": "132ccc543d6bd957e81d0a29fbc47243"
        },
        {
          "type": "icon",
          "assetId": "KRBb5YKxEcus",
          "checksum": "6754f20b40b8ebd3380355eb7e3f68a0"
        },
        {
          "type": "icon",
          "assetId": "rZ8hz7v-qc_C",
          "checksum": "5ccf6564adc54b12e2142a5fe9bac056"
        },
        {
          "type": "icon",
          "assetId": "YH9P_qiC8MJ-",
          "checksum": "b85153ec31c6e6556bcd0eea62684f82"
        },
        {
          "type": "icon",
          "assetId": "tf1m50dLlqUe",
          "checksum": "633239eef6f78f76e9eff3aa69c1a8d9"
        },
        {
          "type": "icon",
          "assetId": "OE1F_elgA17S",
          "checksum": "f3a0476129376cdf31cb8556934af01c"
        },
        {
          "type": "icon",
          "assetId": "LGewn1q6HySZ",
          "checksum": "91039635641c70db35c67a6d1e7605c5"
        },
        {
          "type": "icon",
          "assetId": "LxA7vPyY9CLd",
          "checksum": "deb3dc3756fc8a4ecf75dce3e7630fef"
        },
        {
          "type": "icon",
          "assetId": "uZVnQmbmAoUm",
          "checksum": "f5d7cb34f5fd75f728b845ca3b37bccc"
        },
        {
          "type": "icon",
          "assetId": "BBZInROpO67i",
          "checksum": "70f9108f422fb6e9ae57161666653c26"
        },
        {
          "type": "icon",
          "assetId": "5yXXrMkLRYRW",
          "checksum": "d20c6c4d649f7a9d824438bf8d2b33a1"
        },
        {
          "type": "icon",
          "assetId": "JLJyojIPy5bM",
          "checksum": "b3141189be6637d470ce7c1f253f72a7"
        },
        {
          "type": "icon",
          "assetId": "J07A1eLgMbLa",
          "checksum": "4f404c8cda9c256c278113c8bdee97f4"
        },
        {
          "type": "icon",
          "assetId": "h9sLGs5m_Vd1",
          "checksum": "a2615297ed98a60cdc3762099f89f2bd"
        },
        {
          "type": "icon",
          "assetId": "KIRkdu8buNhp",
          "checksum": "c5a809733a3a35e213c7f7583221437c"
        },
        {
          "type": "icon",
          "assetId": "w5YHMvzaEKho",
          "checksum": "46c2ec94f9180816d741dc3f60c6bb4d"
        },
        {
          "type": "icon",
          "assetId": "I-1KWj6kHo73",
          "checksum": "1d4476120803325e9fd3705c4ff4695c"
        },
        {
          "type": "icon",
          "assetId": "TBWc5K7MgpVr",
          "checksum": "89bb8923547ff7cf38df6b1a6725256c"
        },
        {
          "type": "icon",
          "assetId": "8lQBxIYMce6A",
          "checksum": "11ffab0dfd7b6299e75dd02a527e3d0c"
        },
        {
          "type": "icon",
          "assetId": "vouThdOwt4ZD",
          "checksum": "d8f075fe9562602779a22bb57deb30ed"
        },
        {
          "type": "icon",
          "assetId": "TcA6uFpu7JRC",
          "checksum": "0e068c1fcc16a00bc795368d500820f9"
        },
        {
          "type": "icon",
          "assetId": "cBRHEkj-bEJ3",
          "checksum": "290f56b42d0c9ef8fe3ac66db4cc66ba"
        },
        {
          "type": "icon",
          "assetId": "Y_uxftxiiUAz",
          "checksum": "9a6eda4b194c74bd9e1a470ec820a83c"
        },
        {
          "type": "icon",
          "assetId": "ZJkkVfd7wR-_",
          "checksum": "4e553993eab5f30ef5eacc13811d0541"
        },
        {
          "type": "icon",
          "assetId": "Xd6Jep1FYsA3",
          "checksum": "06e254824760f0a421ef59fc2f1c87ec"
        },
        {
          "type": "image",
          "assetId": "GJ-4uGWNAhX_",
          "checksum": "6532c15a682a966476f25998392adb6e"
        },
        {
          "type": "image",
          "assetId": "QNr7N0aHrltA",
          "checksum": "06232e0fb34098eaf2a0ae621a2a867f"
        },
        {
          "type": "image",
          "assetId": "Nocnc4OEnUgt",
          "checksum": "6d6d6b31e80470bba9e94fe4354ad9e3"
        },
        {
          "type": "image",
          "assetId": "Y8p-lMBwhckZ",
          "checksum": "cf3ec4b796029a54af8d81ff7ae93b38"
        },
        {
          "type": "image",
          "assetId": "4DK4WpDFQ4Ma",
          "checksum": "d0dc4727f126908cd5554e5f86399222"
        },
        {
          "type": "image",
          "assetId": "LMDKFHpu8kFV",
          "checksum": "71a54705ee37884ce8573ba97d5908ee"
        },
        {
          "type": "image",
          "assetId": "z0mBzhFAghRu",
          "checksum": "c4c7b3950d924d6462f66ded611330dc"
        },
        {
          "type": "image",
          "assetId": "-PM6-3VVgQpL",
          "checksum": "4e84b63a3e2e3699e2ad3e299095fb88"
        },
        {
          "type": "image",
          "assetId": "4MWwi7uiW0sf",
          "checksum": "1b0ce04ca9c8bf5406cbcb3e0e4bad84"
        },
        {
          "type": "image",
          "assetId": "cUM5WTHogUBD",
          "checksum": "cdd189af5000d174259101012745b516"
        },
        {
          "type": "image",
          "assetId": "KjaBRzDB7USV",
          "checksum": "12aeb1df089d247f04a400ab09db92d0"
        },
        {
          "type": "image",
          "assetId": "nH5Vi1u0EDDR",
          "checksum": "813cdad4f82d5bdb8eafe5d17810262e"
        },
        {
          "type": "image",
          "assetId": "xKbR2BGGPHWQ",
          "checksum": "2e7b6567bd4d09d6d83249ce87a0996f"
        },
        {
          "type": "image",
          "assetId": "PnJVwhwrtJoE",
          "checksum": "3442ad6cd4e72e26093161e91dca8e70"
        },
        {
          "type": "image",
          "assetId": "pBUbixwzb8fl",
          "checksum": "e5b2544a5837267fb3c7548381bab9db"
        },
        {
          "type": "image",
          "assetId": "H7IHmkiuUTX0",
          "checksum": "7f0ff49c92fc2e7caafe89d67235370c"
        },
        {
          "type": "image",
          "assetId": "3gus-LxCvPzf",
          "checksum": "15238d1e9c522a88aa6ec7898d593996"
        },
        {
          "type": "image",
          "assetId": "-dqyk4N5O20F",
          "checksum": "a1bfe7f184b21d96e50eb9fc139b58cf"
        },
        {
          "type": "image",
          "assetId": "kcIzkxMw1BFG",
          "checksum": "28789b20f4d67cec8a874d123085bbcf"
        },
        {
          "type": "renderModule",
          "assetId": "YZjdruDHGUac",
          "checksum": "6ce9c6754c4ab8e0e0af57eb5967016d"
        },
        {
          "type": "cssRules",
          "assetId": "YZjdruDHGUac",
          "checksum": "6ce9c6754c4ab8e0e0af57eb5967016d"
        },
        {
          "type": "renderModule",
          "assetId": "FGNacl1eR48v",
          "checksum": "56121301c01ec7e4b3280f2f3022f4fd"
        },
        {
          "type": "cssRules",
          "assetId": "FGNacl1eR48v",
          "checksum": "56121301c01ec7e4b3280f2f3022f4fd"
        },
        {
          "type": "renderModule",
          "assetId": "NVGL4dRD3q_4",
          "checksum": "855cea75a6ee31d3ae2835d5629a83e2"
        },
        {
          "type": "cssRules",
          "assetId": "NVGL4dRD3q_4",
          "checksum": "855cea75a6ee31d3ae2835d5629a83e2"
        },
        {
          "type": "icon",
          "assetId": "sd6MYWubVyh3",
          "checksum": "88fb84cde3eff3b5b67f4e70803fbd1d"
        },
        {
          "type": "renderModule",
          "assetId": "nn118kQlMOAC",
          "checksum": "05fcaa8fccad6b47fd8a949e56285caa"
        },
        {
          "type": "cssRules",
          "assetId": "nn118kQlMOAC",
          "checksum": "05fcaa8fccad6b47fd8a949e56285caa"
        },
        {
          "type": "renderModule",
          "assetId": "q2l6s7HIpw7u",
          "checksum": "68d512f62218b953895d853e0f2a20c6"
        },
        {
          "type": "cssRules",
          "assetId": "q2l6s7HIpw7u",
          "checksum": "68d512f62218b953895d853e0f2a20c6"
        },
        {
          "type": "image",
          "assetId": "diFRrfH_KEnI",
          "checksum": "37f8da68019d1e040a735aac4016ba6e"
        },
        {
          "type": "image",
          "assetId": "KhTDGTq-MXxX",
          "checksum": "34b06693d538e4a586406d9d058353a3"
        },
        {
          "type": "image",
          "assetId": "d0PoloRmDNl5",
          "checksum": "e46510f96967ca5a19daf5ccf96f044f"
        },
        {
          "type": "image",
          "assetId": "mfmRNX9y_jxv",
          "checksum": "ea7b9b10798a2225bca35ffe763a54a6"
        },
        {
          "type": "image",
          "assetId": "Yx1bhrXFkHaw",
          "checksum": "4e7474e81aeea2ca2b695de3bdf504e2"
        },
        {
          "type": "image",
          "assetId": "_PAm_UU7m0kH",
          "checksum": "f8724f5de4b6900536ba15f332746810"
        },
        {
          "type": "image",
          "assetId": "T1B43wR7EQWK",
          "checksum": "4b472b4a040e3b80b25b8785ce6dfb28"
        },
        {
          "type": "image",
          "assetId": "rCqSeWtKhidz",
          "checksum": "356761d8431789dfa2fa36a86e1b25f4"
        },
        {
          "type": "globalVariant",
          "assetId": "o3R6a5frYu3G",
          "checksum": "27aad2da1b85751b6e3d5aee34747c6c"
        },
        {
          "type": "renderModule",
          "assetId": "-HNmkPk7FKYK",
          "checksum": "bee2380520dba365131c6505e22f9276"
        },
        {
          "type": "cssRules",
          "assetId": "-HNmkPk7FKYK",
          "checksum": "bee2380520dba365131c6505e22f9276"
        },
        {
          "type": "renderModule",
          "assetId": "ftCRKqiLCHeT",
          "checksum": "d359923d5e5860168d5cd2842a3edf40"
        },
        {
          "type": "cssRules",
          "assetId": "ftCRKqiLCHeT",
          "checksum": "d359923d5e5860168d5cd2842a3edf40"
        },
        {
          "type": "renderModule",
          "assetId": "s_Cz1URrXJSO",
          "checksum": "d6b1b6582a9e57ddc37aafc9a5a157e5"
        },
        {
          "type": "cssRules",
          "assetId": "s_Cz1URrXJSO",
          "checksum": "d6b1b6582a9e57ddc37aafc9a5a157e5"
        },
        {
          "type": "renderModule",
          "assetId": "BILoRCVR4IMW",
          "checksum": "d79809be4d9cd4262cba16937e1fe131"
        },
        {
          "type": "cssRules",
          "assetId": "BILoRCVR4IMW",
          "checksum": "d79809be4d9cd4262cba16937e1fe131"
        },
        {
          "assetId": "1LHryFzrfagz6s5XszxyaX",
          "type": "projectCss",
          "checksum": "7e34474b657cef2e9efcdc1d7d512419"
        },
        {
          "type": "image",
          "assetId": "p6VVPO6KE-ve",
          "checksum": "666b9e0b47bfd7e3eea61952e033e3b8"
        }
      ],
      "codegenVersion": "0.0.3"
    }
  ],
  "cliVersion": "0.1.359"
}
